// !$*UTF8*$!
{
	archiveVersion = 1;
	classes = {
	};
	objectVersion = 50;
	objects = {

/* Begin PBXBuildFile section */
		E92B03702335528200479130 /* Feed.storyboard in Resources */ = {isa = PBXBuildFile; fileRef = E92B036F2335528200479130 /* Feed.storyboard */; };
		E92B03722335551400479130 /* ThirdFeedViewController.swift in Sources */ = {isa = PBXBuildFile; fileRef = E92B03712335551400479130 /* ThirdFeedViewController.swift */; };
		E92B03742335561C00479130 /* SecondFeedViewController.swift in Sources */ = {isa = PBXBuildFile; fileRef = E92B03732335561C00479130 /* SecondFeedViewController.swift */; };
		E9BB2E35232E689000174408 /* SplitViewController.swift in Sources */ = {isa = PBXBuildFile; fileRef = E9BB2E34232E689000174408 /* SplitViewController.swift */; };
		E9BB2E37232E730E00174408 /* FeedViewController.swift in Sources */ = {isa = PBXBuildFile; fileRef = E9BB2E36232E730E00174408 /* FeedViewController.swift */; };
		E9C9DA5E2331670500AE5287 /* LifecycleBehavior.swift in Sources */ = {isa = PBXBuildFile; fileRef = E9C9DA5D2331670500AE5287 /* LifecycleBehavior.swift */; };
		E9C9DA602331681700AE5287 /* LifecycleBehaviorViewController.swift in Sources */ = {isa = PBXBuildFile; fileRef = E9C9DA5F2331681700AE5287 /* LifecycleBehaviorViewController.swift */; };
		E9C9DA622331693800AE5287 /* UIViewController+LifecycleBehavior.swift in Sources */ = {isa = PBXBuildFile; fileRef = E9C9DA612331693800AE5287 /* UIViewController+LifecycleBehavior.swift */; };
		E9C9DA6623316EF200AE5287 /* PrintMethodsLifecycleBehavior.swift in Sources */ = {isa = PBXBuildFile; fileRef = E9C9DA6523316EF200AE5287 /* PrintMethodsLifecycleBehavior.swift */; };
		E9C9DA6823316F8400AE5287 /* TimerLifecycleBehavior.swift in Sources */ = {isa = PBXBuildFile; fileRef = E9C9DA6723316F8400AE5287 /* TimerLifecycleBehavior.swift */; };
		E9C9DA6A2331716200AE5287 /* BenchmarkViewController.swift in Sources */ = {isa = PBXBuildFile; fileRef = E9C9DA692331716200AE5287 /* BenchmarkViewController.swift */; };
		E9C9DA6C2331757E00AE5287 /* UINavigationBarTintLifecycleBehavior.swift in Sources */ = {isa = PBXBuildFile; fileRef = E9C9DA6B2331757E00AE5287 /* UINavigationBarTintLifecycleBehavior.swift */; };
		E9C9DA6E2331769100AE5287 /* ProfileViewController.swift in Sources */ = {isa = PBXBuildFile; fileRef = E9C9DA6D2331769100AE5287 /* ProfileViewController.swift */; };
		E9C9DA702331777A00AE5287 /* TabbarTintColorLifecycleBehavior.swift in Sources */ = {isa = PBXBuildFile; fileRef = E9C9DA6F2331777A00AE5287 /* TabbarTintColorLifecycleBehavior.swift */; };
		E9E77F4F232E4F8500399CEA /* AppDelegate.swift in Sources */ = {isa = PBXBuildFile; fileRef = E9E77F4E232E4F8500399CEA /* AppDelegate.swift */; };
		E9E77F54232E4F8500399CEA /* Main.storyboard in Resources */ = {isa = PBXBuildFile; fileRef = E9E77F52232E4F8500399CEA /* Main.storyboard */; };
		E9E77F56232E4F8700399CEA /* Assets.xcassets in Resources */ = {isa = PBXBuildFile; fileRef = E9E77F55232E4F8700399CEA /* Assets.xcassets */; };
		E9E77F59232E4F8700399CEA /* LaunchScreen.storyboard in Resources */ = {isa = PBXBuildFile; fileRef = E9E77F57232E4F8700399CEA /* LaunchScreen.storyboard */; };
		E9E77F62232E553100399CEA /* Button.swift in Sources */ = {isa = PBXBuildFile; fileRef = E9E77F61232E553100399CEA /* Button.swift */; };
		E9E77F67232E59F200399CEA /* LoadingComponent.swift in Sources */ = {isa = PBXBuildFile; fileRef = E9E77F66232E59F200399CEA /* LoadingComponent.swift */; };
		E9E77F69232E5A0500399CEA /* LoadingComponent.xib in Resources */ = {isa = PBXBuildFile; fileRef = E9E77F68232E5A0500399CEA /* LoadingComponent.xib */; };
		E9E77F6B232E5AE200399CEA /* InternalContainerView.swift in Sources */ = {isa = PBXBuildFile; fileRef = E9E77F6A232E5AE200399CEA /* InternalContainerView.swift */; };
		E9E77F6D232E5F9400399CEA /* Secondary.storyboard in Resources */ = {isa = PBXBuildFile; fileRef = E9E77F6C232E5F9400399CEA /* Secondary.storyboard */; };
/* End PBXBuildFile section */

/* Begin PBXFileReference section */
		E92B036F2335528200479130 /* Feed.storyboard */ = {isa = PBXFileReference; lastKnownFileType = file.storyboard; path = Feed.storyboard; sourceTree = "<group>"; };
		E92B03712335551400479130 /* ThirdFeedViewController.swift */ = {isa = PBXFileReference; lastKnownFileType = sourcecode.swift; path = ThirdFeedViewController.swift; sourceTree = "<group>"; };
		E92B03732335561C00479130 /* SecondFeedViewController.swift */ = {isa = PBXFileReference; lastKnownFileType = sourcecode.swift; path = SecondFeedViewController.swift; sourceTree = "<group>"; };
		E9BB2E34232E689000174408 /* SplitViewController.swift */ = {isa = PBXFileReference; lastKnownFileType = sourcecode.swift; path = SplitViewController.swift; sourceTree = "<group>"; };
		E9BB2E36232E730E00174408 /* FeedViewController.swift */ = {isa = PBXFileReference; lastKnownFileType = sourcecode.swift; path = FeedViewController.swift; sourceTree = "<group>"; };
		E9C9DA5D2331670500AE5287 /* LifecycleBehavior.swift */ = {isa = PBXFileReference; lastKnownFileType = sourcecode.swift; path = LifecycleBehavior.swift; sourceTree = "<group>"; };
		E9C9DA5F2331681700AE5287 /* LifecycleBehaviorViewController.swift */ = {isa = PBXFileReference; lastKnownFileType = sourcecode.swift; path = LifecycleBehaviorViewController.swift; sourceTree = "<group>"; };
		E9C9DA612331693800AE5287 /* UIViewController+LifecycleBehavior.swift */ = {isa = PBXFileReference; lastKnownFileType = sourcecode.swift; path = "UIViewController+LifecycleBehavior.swift"; sourceTree = "<group>"; };
		E9C9DA6523316EF200AE5287 /* PrintMethodsLifecycleBehavior.swift */ = {isa = PBXFileReference; lastKnownFileType = sourcecode.swift; path = PrintMethodsLifecycleBehavior.swift; sourceTree = "<group>"; };
		E9C9DA6723316F8400AE5287 /* TimerLifecycleBehavior.swift */ = {isa = PBXFileReference; lastKnownFileType = sourcecode.swift; path = TimerLifecycleBehavior.swift; sourceTree = "<group>"; };
		E9C9DA692331716200AE5287 /* BenchmarkViewController.swift */ = {isa = PBXFileReference; lastKnownFileType = sourcecode.swift; path = BenchmarkViewController.swift; sourceTree = "<group>"; };
		E9C9DA6B2331757E00AE5287 /* UINavigationBarTintLifecycleBehavior.swift */ = {isa = PBXFileReference; lastKnownFileType = sourcecode.swift; path = UINavigationBarTintLifecycleBehavior.swift; sourceTree = "<group>"; };
		E9C9DA6D2331769100AE5287 /* ProfileViewController.swift */ = {isa = PBXFileReference; lastKnownFileType = sourcecode.swift; path = ProfileViewController.swift; sourceTree = "<group>"; };
		E9C9DA6F2331777A00AE5287 /* TabbarTintColorLifecycleBehavior.swift */ = {isa = PBXFileReference; lastKnownFileType = sourcecode.swift; path = TabbarTintColorLifecycleBehavior.swift; sourceTree = "<group>"; };
		E9E77F4B232E4F8500399CEA /* HomeWork-1.app */ = {isa = PBXFileReference; explicitFileType = wrapper.application; includeInIndex = 0; path = "HomeWork-1.app"; sourceTree = BUILT_PRODUCTS_DIR; };
		E9E77F4E232E4F8500399CEA /* AppDelegate.swift */ = {isa = PBXFileReference; lastKnownFileType = sourcecode.swift; path = AppDelegate.swift; sourceTree = "<group>"; };
		E9E77F53232E4F8500399CEA /* Base */ = {isa = PBXFileReference; lastKnownFileType = file.storyboard; name = Base; path = Base.lproj/Main.storyboard; sourceTree = "<group>"; };
		E9E77F55232E4F8700399CEA /* Assets.xcassets */ = {isa = PBXFileReference; lastKnownFileType = folder.assetcatalog; path = Assets.xcassets; sourceTree = "<group>"; };
		E9E77F58232E4F8700399CEA /* Base */ = {isa = PBXFileReference; lastKnownFileType = file.storyboard; name = Base; path = Base.lproj/LaunchScreen.storyboard; sourceTree = "<group>"; };
		E9E77F5A232E4F8700399CEA /* Info.plist */ = {isa = PBXFileReference; lastKnownFileType = text.plist.xml; path = Info.plist; sourceTree = "<group>"; };
		E9E77F61232E553100399CEA /* Button.swift */ = {isa = PBXFileReference; lastKnownFileType = sourcecode.swift; path = Button.swift; sourceTree = "<group>"; };
		E9E77F66232E59F200399CEA /* LoadingComponent.swift */ = {isa = PBXFileReference; lastKnownFileType = sourcecode.swift; path = LoadingComponent.swift; sourceTree = "<group>"; };
		E9E77F68232E5A0500399CEA /* LoadingComponent.xib */ = {isa = PBXFileReference; lastKnownFileType = file.xib; path = LoadingComponent.xib; sourceTree = "<group>"; };
		E9E77F6A232E5AE200399CEA /* InternalContainerView.swift */ = {isa = PBXFileReference; lastKnownFileType = sourcecode.swift; path = InternalContainerView.swift; sourceTree = "<group>"; };
		E9E77F6C232E5F9400399CEA /* Secondary.storyboard */ = {isa = PBXFileReference; lastKnownFileType = file.storyboard; path = Secondary.storyboard; sourceTree = "<group>"; };
/* End PBXFileReference section */

/* Begin PBXFrameworksBuildPhase section */
		E9E77F48232E4F8500399CEA /* Frameworks */ = {
			isa = PBXFrameworksBuildPhase;
			buildActionMask = 2147483647;
			files = (
			);
			runOnlyForDeploymentPostprocessing = 0;
		};
/* End PBXFrameworksBuildPhase section */

/* Begin PBXGroup section */
		E92B036B23354E7600479130 /* Split View Controller */ = {
			isa = PBXGroup;
			children = (
				E9BB2E34232E689000174408 /* SplitViewController.swift */,
			);
			path = "Split View Controller";
			sourceTree = "<group>";
		};
		E92B036C23354E9A00479130 /* Feed */ = {
			isa = PBXGroup;
			children = (
				E92B036F2335528200479130 /* Feed.storyboard */,
				E9BB2E36232E730E00174408 /* FeedViewController.swift */,
				E92B03732335561C00479130 /* SecondFeedViewController.swift */,
				E92B03712335551400479130 /* ThirdFeedViewController.swift */,
			);
			path = Feed;
			sourceTree = "<group>";
		};
		E92B036D2335521900479130 /* Benchmark */ = {
			isa = PBXGroup;
			children = (
				E9C9DA692331716200AE5287 /* BenchmarkViewController.swift */,
			);
			path = Benchmark;
			sourceTree = "<group>";
		};
		E92B036E2335522200479130 /* Profile */ = {
			isa = PBXGroup;
			children = (
				E9C9DA6D2331769100AE5287 /* ProfileViewController.swift */,
			);
			path = Profile;
			sourceTree = "<group>";
		};
		E9BB2E33232E686900174408 /* PresentationLayer */ = {
			isa = PBXGroup;
			children = (
				E92B036B23354E7600479130 /* Split View Controller */,
				E92B036C23354E9A00479130 /* Feed */,
				E92B036D2335521900479130 /* Benchmark */,
				E92B036E2335522200479130 /* Profile */,
			);
			path = PresentationLayer;
			sourceTree = "<group>";
		};
		E9C9DA5C233166CB00AE5287 /* ViewControllerLyfecycleBehavior */ = {
			isa = PBXGroup;
			children = (
				E9C9DA6423316EB700AE5287 /* Behaviors */,
				E9C9DA6323316EA600AE5287 /* Impl */,
			);
			path = ViewControllerLyfecycleBehavior;
			sourceTree = "<group>";
		};
		E9C9DA6323316EA600AE5287 /* Impl */ = {
			isa = PBXGroup;
			children = (
				E9C9DA5D2331670500AE5287 /* LifecycleBehavior.swift */,
				E9C9DA5F2331681700AE5287 /* LifecycleBehaviorViewController.swift */,
				E9C9DA612331693800AE5287 /* UIViewController+LifecycleBehavior.swift */,
			);
			path = Impl;
			sourceTree = "<group>";
		};
		E9C9DA6423316EB700AE5287 /* Behaviors */ = {
			isa = PBXGroup;
			children = (
				E9C9DA6F2331777A00AE5287 /* TabbarTintColorLifecycleBehavior.swift */,
				E9C9DA6523316EF200AE5287 /* PrintMethodsLifecycleBehavior.swift */,
				E9C9DA6723316F8400AE5287 /* TimerLifecycleBehavior.swift */,
				E9C9DA6B2331757E00AE5287 /* UINavigationBarTintLifecycleBehavior.swift */,
			);
			path = Behaviors;
			sourceTree = "<group>";
		};
		E9E77F42232E4F8500399CEA = {
			isa = PBXGroup;
			children = (
				E9E77F4D232E4F8500399CEA /* HomeWork-1 */,
				E9E77F4C232E4F8500399CEA /* Products */,
			);
			sourceTree = "<group>";
		};
		E9E77F4C232E4F8500399CEA /* Products */ = {
			isa = PBXGroup;
			children = (
				E9E77F4B232E4F8500399CEA /* HomeWork-1.app */,
			);
			name = Products;
			sourceTree = "<group>";
		};
		E9E77F4D232E4F8500399CEA /* HomeWork-1 */ = {
			isa = PBXGroup;
			children = (
				E9BB2E33232E686900174408 /* PresentationLayer */,
				E9E77F60232E551100399CEA /* UIKit */,
				E9E77F4E232E4F8500399CEA /* AppDelegate.swift */,
				E9E77F52232E4F8500399CEA /* Main.storyboard */,
				E9E77F55232E4F8700399CEA /* Assets.xcassets */,
				E9E77F57232E4F8700399CEA /* LaunchScreen.storyboard */,
				E9E77F5A232E4F8700399CEA /* Info.plist */,
				E9E77F6C232E5F9400399CEA /* Secondary.storyboard */,
			);
			path = "HomeWork-1";
			sourceTree = "<group>";
		};
		E9E77F60232E551100399CEA /* UIKit */ = {
			isa = PBXGroup;
			children = (
				E9C9DA5C233166CB00AE5287 /* ViewControllerLyfecycleBehavior */,
				E9E77F65232E59B800399CEA /* DetailComponent */,
				E9E77F61232E553100399CEA /* Button.swift */,
			);
			path = UIKit;
			sourceTree = "<group>";
		};
		E9E77F65232E59B800399CEA /* DetailComponent */ = {
			isa = PBXGroup;
			children = (
				E9E77F66232E59F200399CEA /* LoadingComponent.swift */,
				E9E77F68232E5A0500399CEA /* LoadingComponent.xib */,
				E9E77F6A232E5AE200399CEA /* InternalContainerView.swift */,
			);
			path = DetailComponent;
			sourceTree = "<group>";
		};
/* End PBXGroup section */

/* Begin PBXNativeTarget section */
		E9E77F4A232E4F8500399CEA /* HomeWork-1 */ = {
			isa = PBXNativeTarget;
			buildConfigurationList = E9E77F5D232E4F8700399CEA /* Build configuration list for PBXNativeTarget "HomeWork-1" */;
			buildPhases = (
				E9E77F47232E4F8500399CEA /* Sources */,
				E9E77F48232E4F8500399CEA /* Frameworks */,
				E9E77F49232E4F8500399CEA /* Resources */,
			);
			buildRules = (
			);
			dependencies = (
			);
			name = "HomeWork-1";
			productName = "HomeWork-1";
			productReference = E9E77F4B232E4F8500399CEA /* HomeWork-1.app */;
			productType = "com.apple.product-type.application";
		};
/* End PBXNativeTarget section */

/* Begin PBXProject section */
		E9E77F43232E4F8500399CEA /* Project object */ = {
			isa = PBXProject;
			attributes = {
				LastSwiftUpdateCheck = 1030;
				LastUpgradeCheck = 1030;
				ORGANIZATIONNAME = "Pavel Smelovsky";
				TargetAttributes = {
					E9E77F4A232E4F8500399CEA = {
						CreatedOnToolsVersion = 10.3;
					};
				};
			};
			buildConfigurationList = E9E77F46232E4F8500399CEA /* Build configuration list for PBXProject "HomeWork-1" */;
			compatibilityVersion = "Xcode 9.3";
			developmentRegion = en;
			hasScannedForEncodings = 0;
			knownRegions = (
				en,
				Base,
			);
			mainGroup = E9E77F42232E4F8500399CEA;
			productRefGroup = E9E77F4C232E4F8500399CEA /* Products */;
			projectDirPath = "";
			projectRoot = "";
			targets = (
				E9E77F4A232E4F8500399CEA /* HomeWork-1 */,
			);
		};
/* End PBXProject section */

/* Begin PBXResourcesBuildPhase section */
		E9E77F49232E4F8500399CEA /* Resources */ = {
			isa = PBXResourcesBuildPhase;
			buildActionMask = 2147483647;
			files = (
				E9E77F6D232E5F9400399CEA /* Secondary.storyboard in Resources */,
				E9E77F59232E4F8700399CEA /* LaunchScreen.storyboard in Resources */,
				E92B03702335528200479130 /* Feed.storyboard in Resources */,
				E9E77F69232E5A0500399CEA /* LoadingComponent.xib in Resources */,
				E9E77F56232E4F8700399CEA /* Assets.xcassets in Resources */,
				E9E77F54232E4F8500399CEA /* Main.storyboard in Resources */,
			);
			runOnlyForDeploymentPostprocessing = 0;
		};
/* End PBXResourcesBuildPhase section */

/* Begin PBXSourcesBuildPhase section */
		E9E77F47232E4F8500399CEA /* Sources */ = {
			isa = PBXSourcesBuildPhase;
			buildActionMask = 2147483647;
			files = (
				E9BB2E35232E689000174408 /* SplitViewController.swift in Sources */,
				E9C9DA702331777A00AE5287 /* TabbarTintColorLifecycleBehavior.swift in Sources */,
				E9C9DA6C2331757E00AE5287 /* UINavigationBarTintLifecycleBehavior.swift in Sources */,
				E9C9DA622331693800AE5287 /* UIViewController+LifecycleBehavior.swift in Sources */,
				E9C9DA5E2331670500AE5287 /* LifecycleBehavior.swift in Sources */,
				E9C9DA6E2331769100AE5287 /* ProfileViewController.swift in Sources */,
				E92B03722335551400479130 /* ThirdFeedViewController.swift in Sources */,
				E9E77F6B232E5AE200399CEA /* InternalContainerView.swift in Sources */,
				E9E77F62232E553100399CEA /* Button.swift in Sources */,
				E92B03742335561C00479130 /* SecondFeedViewController.swift in Sources */,
				E9C9DA6823316F8400AE5287 /* TimerLifecycleBehavior.swift in Sources */,
				E9E77F67232E59F200399CEA /* LoadingComponent.swift in Sources */,
				E9BB2E37232E730E00174408 /* FeedViewController.swift in Sources */,
				E9C9DA6623316EF200AE5287 /* PrintMethodsLifecycleBehavior.swift in Sources */,
				E9E77F4F232E4F8500399CEA /* AppDelegate.swift in Sources */,
				E9C9DA6A2331716200AE5287 /* BenchmarkViewController.swift in Sources */,
				E9C9DA602331681700AE5287 /* LifecycleBehaviorViewController.swift in Sources */,
			);
			runOnlyForDeploymentPostprocessing = 0;
		};
/* End PBXSourcesBuildPhase section */

/* Begin PBXVariantGroup section */
		E9E77F52232E4F8500399CEA /* Main.storyboard */ = {
			isa = PBXVariantGroup;
			children = (
				E9E77F53232E4F8500399CEA /* Base */,
			);
			name = Main.storyboard;
			sourceTree = "<group>";
		};
		E9E77F57232E4F8700399CEA /* LaunchScreen.storyboard */ = {
			isa = PBXVariantGroup;
			children = (
				E9E77F58232E4F8700399CEA /* Base */,
			);
			name = LaunchScreen.storyboard;
			sourceTree = "<group>";
		};
/* End PBXVariantGroup section */

/* Begin XCBuildConfiguration section */
		E9E77F5B232E4F8700399CEA /* Debug */ = {
			isa = XCBuildConfiguration;
			buildSettings = {
				ALWAYS_SEARCH_USER_PATHS = NO;
				CLANG_ANALYZER_NONNULL = YES;
				CLANG_ANALYZER_NUMBER_OBJECT_CONVERSION = YES_AGGRESSIVE;
				CLANG_CXX_LANGUAGE_STANDARD = "gnu++14";
				CLANG_CXX_LIBRARY = "libc++";
				CLANG_ENABLE_MODULES = YES;
				CLANG_ENABLE_OBJC_ARC = YES;
				CLANG_ENABLE_OBJC_WEAK = YES;
				CLANG_WARN_BLOCK_CAPTURE_AUTORELEASING = YES;
				CLANG_WARN_BOOL_CONVERSION = YES;
				CLANG_WARN_COMMA = YES;
				CLANG_WARN_CONSTANT_CONVERSION = YES;
				CLANG_WARN_DEPRECATED_OBJC_IMPLEMENTATIONS = YES;
				CLANG_WARN_DIRECT_OBJC_ISA_USAGE = YES_ERROR;
				CLANG_WARN_DOCUMENTATION_COMMENTS = YES;
				CLANG_WARN_EMPTY_BODY = YES;
				CLANG_WARN_ENUM_CONVERSION = YES;
				CLANG_WARN_INFINITE_RECURSION = YES;
				CLANG_WARN_INT_CONVERSION = YES;
				CLANG_WARN_NON_LITERAL_NULL_CONVERSION = YES;
				CLANG_WARN_OBJC_IMPLICIT_RETAIN_SELF = YES;
				CLANG_WARN_OBJC_LITERAL_CONVERSION = YES;
				CLANG_WARN_OBJC_ROOT_CLASS = YES_ERROR;
				CLANG_WARN_RANGE_LOOP_ANALYSIS = YES;
				CLANG_WARN_STRICT_PROTOTYPES = YES;
				CLANG_WARN_SUSPICIOUS_MOVE = YES;
				CLANG_WARN_UNGUARDED_AVAILABILITY = YES_AGGRESSIVE;
				CLANG_WARN_UNREACHABLE_CODE = YES;
				CLANG_WARN__DUPLICATE_METHOD_MATCH = YES;
				CODE_SIGN_IDENTITY = "iPhone Developer";
				COPY_PHASE_STRIP = NO;
				DEBUG_INFORMATION_FORMAT = dwarf;
				ENABLE_STRICT_OBJC_MSGSEND = YES;
				ENABLE_TESTABILITY = YES;
				GCC_C_LANGUAGE_STANDARD = gnu11;
				GCC_DYNAMIC_NO_PIC = NO;
				GCC_NO_COMMON_BLOCKS = YES;
				GCC_OPTIMIZATION_LEVEL = 0;
				GCC_PREPROCESSOR_DEFINITIONS = (
					"DEBUG=1",
					"$(inherited)",
				);
				GCC_WARN_64_TO_32_BIT_CONVERSION = YES;
				GCC_WARN_ABOUT_RETURN_TYPE = YES_ERROR;
				GCC_WARN_UNDECLARED_SELECTOR = YES;
				GCC_WARN_UNINITIALIZED_AUTOS = YES_AGGRESSIVE;
				GCC_WARN_UNUSED_FUNCTION = YES;
				GCC_WARN_UNUSED_VARIABLE = YES;
				IPHONEOS_DEPLOYMENT_TARGET = 12.4;
				MTL_ENABLE_DEBUG_INFO = INCLUDE_SOURCE;
				MTL_FAST_MATH = YES;
				ONLY_ACTIVE_ARCH = YES;
				SDKROOT = iphoneos;
				SWIFT_ACTIVE_COMPILATION_CONDITIONS = DEBUG;
				SWIFT_OPTIMIZATION_LEVEL = "-Onone";
			};
			name = Debug;
		};
		E9E77F5C232E4F8700399CEA /* Release */ = {
			isa = XCBuildConfiguration;
			buildSettings = {
				ALWAYS_SEARCH_USER_PATHS = NO;
				CLANG_ANALYZER_NONNULL = YES;
				CLANG_ANALYZER_NUMBER_OBJECT_CONVERSION = YES_AGGRESSIVE;
				CLANG_CXX_LANGUAGE_STANDARD = "gnu++14";
				CLANG_CXX_LIBRARY = "libc++";
				CLANG_ENABLE_MODULES = YES;
				CLANG_ENABLE_OBJC_ARC = YES;
				CLANG_ENABLE_OBJC_WEAK = YES;
				CLANG_WARN_BLOCK_CAPTURE_AUTORELEASING = YES;
				CLANG_WARN_BOOL_CONVERSION = YES;
				CLANG_WARN_COMMA = YES;
				CLANG_WARN_CONSTANT_CONVERSION = YES;
				CLANG_WARN_DEPRECATED_OBJC_IMPLEMENTATIONS = YES;
				CLANG_WARN_DIRECT_OBJC_ISA_USAGE = YES_ERROR;
				CLANG_WARN_DOCUMENTATION_COMMENTS = YES;
				CLANG_WARN_EMPTY_BODY = YES;
				CLANG_WARN_ENUM_CONVERSION = YES;
				CLANG_WARN_INFINITE_RECURSION = YES;
				CLANG_WARN_INT_CONVERSION = YES;
				CLANG_WARN_NON_LITERAL_NULL_CONVERSION = YES;
				CLANG_WARN_OBJC_IMPLICIT_RETAIN_SELF = YES;
				CLANG_WARN_OBJC_LITERAL_CONVERSION = YES;
				CLANG_WARN_OBJC_ROOT_CLASS = YES_ERROR;
				CLANG_WARN_RANGE_LOOP_ANALYSIS = YES;
				CLANG_WARN_STRICT_PROTOTYPES = YES;
				CLANG_WARN_SUSPICIOUS_MOVE = YES;
				CLANG_WARN_UNGUARDED_AVAILABILITY = YES_AGGRESSIVE;
				CLANG_WARN_UNREACHABLE_CODE = YES;
				CLANG_WARN__DUPLICATE_METHOD_MATCH = YES;
				CODE_SIGN_IDENTITY = "iPhone Developer";
				COPY_PHASE_STRIP = NO;
				DEBUG_INFORMATION_FORMAT = "dwarf-with-dsym";
				ENABLE_NS_ASSERTIONS = NO;
				ENABLE_STRICT_OBJC_MSGSEND = YES;
				GCC_C_LANGUAGE_STANDARD = gnu11;
				GCC_NO_COMMON_BLOCKS = YES;
				GCC_WARN_64_TO_32_BIT_CONVERSION = YES;
				GCC_WARN_ABOUT_RETURN_TYPE = YES_ERROR;
				GCC_WARN_UNDECLARED_SELECTOR = YES;
				GCC_WARN_UNINITIALIZED_AUTOS = YES_AGGRESSIVE;
				GCC_WARN_UNUSED_FUNCTION = YES;
				GCC_WARN_UNUSED_VARIABLE = YES;
				IPHONEOS_DEPLOYMENT_TARGET = 12.4;
				MTL_ENABLE_DEBUG_INFO = NO;
				MTL_FAST_MATH = YES;
				SDKROOT = iphoneos;
				SWIFT_COMPILATION_MODE = wholemodule;
				SWIFT_OPTIMIZATION_LEVEL = "-O";
				VALIDATE_PRODUCT = YES;
			};
			name = Release;
		};
		E9E77F5E232E4F8700399CEA /* Debug */ = {
			isa = XCBuildConfiguration;
			buildSettings = {
				ASSETCATALOG_COMPILER_APPICON_NAME = AppIcon;
				CODE_SIGN_STYLE = Automatic;
				DEVELOPMENT_TEAM = T65PTW347Z;
				INFOPLIST_FILE = "HomeWork-1/Info.plist";
				LD_RUNPATH_SEARCH_PATHS = (
					"$(inherited)",
					"@executable_path/Frameworks",
				);
				PRODUCT_BUNDLE_IDENTIFIER = "me.smelovsky.otus.HomeWork-1";
				PRODUCT_NAME = "$(TARGET_NAME)";
				SWIFT_VERSION = 5.0;
				TARGETED_DEVICE_FAMILY = "1,2";
			};
			name = Debug;
		};
		E9E77F5F232E4F8700399CEA /* Release */ = {
			isa = XCBuildConfiguration;
			buildSettings = {
				ASSETCATALOG_COMPILER_APPICON_NAME = AppIcon;
				CODE_SIGN_STYLE = Automatic;
				DEVELOPMENT_TEAM = T65PTW347Z;
				INFOPLIST_FILE = "HomeWork-1/Info.plist";
				LD_RUNPATH_SEARCH_PATHS = (
					"$(inherited)",
					"@executable_path/Frameworks",
				);
				PRODUCT_BUNDLE_IDENTIFIER = "me.smelovsky.otus.HomeWork-1";
				PRODUCT_NAME = "$(TARGET_NAME)";
				SWIFT_VERSION = 5.0;
				TARGETED_DEVICE_FAMILY = "1,2";
			};
			name = Release;
		};
/* End XCBuildConfiguration section */

/* Begin XCConfigurationList section */
		E9E77F46232E4F8500399CEA /* Build configuration list for PBXProject "HomeWork-1" */ = {
			isa = XCConfigurationList;
			buildConfigurations = (
				E9E77F5B232E4F8700399CEA /* Debug */,
				E9E77F5C232E4F8700399CEA /* Release */,
			);
			defaultConfigurationIsVisible = 0;
			defaultConfigurationName = Release;
		};
		E9E77F5D232E4F8700399CEA /* Build configuration list for PBXNativeTarget "HomeWork-1" */ = {
			isa = XCConfigurationList;
			buildConfigurations = (
				E9E77F5E232E4F8700399CEA /* Debug */,
				E9E77F5F232E4F8700399CEA /* Release */,
			);
			defaultConfigurationIsVisible = 0;
			defaultConfigurationName = Release;
		};
/* End XCConfigurationList section */
	};
	rootObject = E9E77F43232E4F8500399CEA /* Project object */;
}
